<Solution>
  <Project Path="PricingService.Application/PricingService.Application.csproj" />
  <Project Path="PricingService.Application.Tests/PricingService.Application.Tests.csproj" />
  <Project Path="PricingService.Domain/PricingService.Domain.csproj" />
  <Project Path="PricingService.Infrastructure/PricingService.Infrastructure.csproj" />
  <Project Path="PricingService.IntegrationTests/PricingService.IntegrationTests.csproj" />
  <Project Path="PricingService.Persistence/PricingService.Persistence.csproj" />
  <Project Path="PricingService/PricingService.API.csproj" />
</Solution>
